<?xml version="1.0" encoding="utf-8"?>
<Project ToolsVersion="4.0" xmlns="http://schemas.microsoft.com/developer/msbuild/2003">
  <ItemGroup>
    <Filter Include="net">
      <UniqueIdentifier>{f4781336-e66d-4889-9615-73c548eadd2f}</UniqueIdentifier>
    </Filter>
  </ItemGroup>
  <ItemGroup>
    <ClInclude Include="src\pch.h" />
    <ClInclude Include="net\IPAddress.hpp" />
    <ClInclude Include="net\CorePch.hpp" />
    <ClInclude Include="net\IPEndPoint.hpp" />
    <ClInclude Include="net\Socket.hpp" />
    <ClInclude Include="net\SocketAsyncEventArgs.hpp" />
    <ClInclude Include="net\Extension.hpp" />
    <ClInclude Include="net\netcpp.hpp">
      <Filter>net</Filter>
    </ClInclude>
    <ClInclude Include="net\NetCore.hpp" />
    <ClInclude Include="net\SocketAsyncEvent.hpp" />
    <ClInclude Include="net\Agent.hpp" />
  </ItemGroup>
  <ItemGroup>
    <ClCompile Include="src\pch.cpp" />
    <ClCompile Include="src\IPAddress.cpp" />
    <ClCompile Include="src\IPEndPoint.cpp" />
    <ClCompile Include="src\Socket.cpp" />
    <ClCompile Include="src\Extension.cpp" />
    <ClCompile Include="src\NetCore.cpp" />
    <ClCompile Include="src\netcpp.cpp" />
    <ClCompile Include="src\SocketAsyncEvent.cpp" />
    <ClCompile Include="src\Agent.cpp" />
  </ItemGroup>
</Project>